<?xml version="1.0" encoding="utf-8"?>
<Project ToolsVersion="4.0" xmlns="http://schemas.microsoft.com/developer/msbuild/2003">
  <ItemGroup>
    <ClCompile Include="Animations.cpp" />
    <ClCompile Include="Portal.cpp" />
    <ClCompile Include="Utils.cpp" />
    <ClCompile Include="Game.cpp" />
    <ClCompile Include="main.cpp" />
    <ClCompile Include="PlayScence.cpp" />
    <ClCompile Include="Scence.cpp" />
    <ClCompile Include="Sprites.cpp" />
    <ClCompile Include="Textures.cpp" />
    <ClCompile Include="GameObject.cpp">
      <Filter>GameObjects</Filter>
    </ClCompile>
    <ClCompile Include="Mario.cpp">
      <Filter>GameObjects\MovableObjects\Player</Filter>
    </ClCompile>
    <ClCompile Include="Ground.cpp">
      <Filter>GameObjects\StaticObjects</Filter>
    </ClCompile>
    <ClCompile Include="BigBox.cpp">
      <Filter>GameObjects\StaticObjects</Filter>
    </ClCompile>
    <ClCompile Include="GreenPipe.cpp">
      <Filter>GameObjects\StaticObjects</Filter>
    </ClCompile>
    <ClCompile Include="Grid.cpp">
      <Filter>Grid</Filter>
    </ClCompile>
    <ClCompile Include="Map.cpp">
      <Filter>TiledMap</Filter>
    </ClCompile>
    <ClCompile Include="TileSet.cpp">
      <Filter>TiledMap</Filter>
    </ClCompile>
    <ClCompile Include="Goomba.cpp">
      <Filter>GameObjects\MovableObjects\Enemies</Filter>
    </ClCompile>
    <ClCompile Include="Koopas.cpp">
      <Filter>GameObjects\MovableObjects\Enemies</Filter>
    </ClCompile>
    <ClCompile Include="FallingState.cpp">
      <Filter>GameObjects\MovableObjects\Player\States</Filter>
    </ClCompile>
    <ClCompile Include="FallingWhileFlyingState.cpp">
      <Filter>GameObjects\MovableObjects\Player\States</Filter>
    </ClCompile>
    <ClCompile Include="FlyingState.cpp">
      <Filter>GameObjects\MovableObjects\Player\States</Filter>
    </ClCompile>
    <ClCompile Include="IdleState.cpp">
      <Filter>GameObjects\MovableObjects\Player\States</Filter>
    </ClCompile>
    <ClCompile Include="JumpingState.cpp">
      <Filter>GameObjects\MovableObjects\Player\States</Filter>
    </ClCompile>
    <ClCompile Include="KickState.cpp">
      <Filter>GameObjects\MovableObjects\Player\States</Filter>
    </ClCompile>
    <ClCompile Include="TailSmacking_1_State.cpp">
      <Filter>GameObjects\MovableObjects\Player\States</Filter>
    </ClCompile>
    <ClCompile Include="TailSmacking_2_State.cpp">
      <Filter>GameObjects\MovableObjects\Player\States</Filter>
    </ClCompile>
    <ClCompile Include="TailSmacking_3_State.cpp">
      <Filter>GameObjects\MovableObjects\Player\States</Filter>
    </ClCompile>
    <ClCompile Include="Throw_1_State.cpp">
      <Filter>GameObjects\MovableObjects\Player\States</Filter>
    </ClCompile>
    <ClCompile Include="Throw_2_State.cpp">
      <Filter>GameObjects\MovableObjects\Player\States</Filter>
    </ClCompile>
    <ClCompile Include="WalkingState.cpp">
      <Filter>GameObjects\MovableObjects\Player\States</Filter>
    </ClCompile>
    <ClCompile Include="Brick.cpp">
      <Filter>GameObjects\StaticObjects</Filter>
    </ClCompile>
    <ClCompile Include="FireBall.cpp">
      <Filter>GameObjects\MovableObjects</Filter>
    </ClCompile>
    <ClCompile Include="FloatingBrick.cpp">
      <Filter>GameObjects\StaticObjects</Filter>
    </ClCompile>
    <ClCompile Include="Mushroom.cpp">
      <Filter>GameObjects\MovableObjects\Items</Filter>
    </ClCompile>
    <ClCompile Include="GameEffects.cpp">
      <Filter>GameEffects</Filter>
    </ClCompile>
    <ClCompile Include="Coin100.cpp">
      <Filter>GameEffects\Effects</Filter>
    </ClCompile>
    <ClCompile Include="EffectFatory.cpp">
      <Filter>GameEffects\Effects</Filter>
    </ClCompile>
    <ClCompile Include="TextNumber.cpp">
      <Filter>GameEffects\Effects</Filter>
    </ClCompile>
    <ClCompile Include="SuperLeaf.cpp">
      <Filter>GameObjects\MovableObjects\Items</Filter>
    </ClCompile>
    <ClCompile Include="ItemFactory.cpp">
      <Filter>GameObjects\MovableObjects\Items</Filter>
    </ClCompile>
    <ClCompile Include="BreakableBrick.cpp">
      <Filter>GameObjects\StaticObjects</Filter>
    </ClCompile>
    <ClCompile Include="MarioTypeUp.cpp">
      <Filter>GameEffects\Effects</Filter>
    </ClCompile>
    <ClCompile Include="MovableObject.cpp">
      <Filter>GameObjects\MovableObjects</Filter>
    </ClCompile>
    <ClCompile Include="Smoke.cpp">
      <Filter>GameEffects\Effects</Filter>
    </ClCompile>
    <ClCompile Include="WingGoomba.cpp">
      <Filter>GameObjects\MovableObjects\Enemies</Filter>
    </ClCompile>
    <ClCompile Include="FirePiranhaPlant.cpp">
      <Filter>GameObjects\MovableObjects\Enemies</Filter>
    </ClCompile>
    <ClCompile Include="PlantFireBullet.cpp">
      <Filter>GameObjects\MovableObjects\Enemies</Filter>
    </ClCompile>
    <ClCompile Include="KoopaParatroopa.cpp">
      <Filter>GameObjects\MovableObjects\Enemies</Filter>
    </ClCompile>
    <ClCompile Include="FirePiranhaGreenPlant.cpp">
      <Filter>GameObjects\MovableObjects\Enemies</Filter>
    </ClCompile>
    <ClCompile Include="PiranhaPlant.cpp">
      <Filter>GameObjects\MovableObjects\Enemies</Filter>
    </ClCompile>
    <ClCompile Include="StaticObject.cpp">
      <Filter>GameObjects\StaticObjects</Filter>
    </ClCompile>
    <ClCompile Include="Enemy.cpp">
      <Filter>GameObjects\MovableObjects\Enemies</Filter>
    </ClCompile>
    <ClCompile Include="Broken.cpp">
      <Filter>GameEffects\Effects</Filter>
    </ClCompile>
    <ClCompile Include="Coin50.cpp">
      <Filter>GameObjects\MovableObjects\Items</Filter>
    </ClCompile>
    <ClCompile Include="FloatingBrick_2.cpp">
      <Filter>GameObjects\StaticObjects</Filter>
    </ClCompile>
    <ClCompile Include="ButtonP.cpp">
      <Filter>GameObjects\MovableObjects\Items</Filter>
    </ClCompile>
    <ClCompile Include="Item.cpp">
      <Filter>GameObjects\MovableObjects\Items</Filter>
    </ClCompile>
    <ClCompile Include="HUB.cpp">
      <Filter>HUB</Filter>
    </ClCompile>
    <ClCompile Include="Font.cpp">
      <Filter>HUB</Filter>
    </ClCompile>
  </ItemGroup>
  <ItemGroup>
    <ClInclude Include="Animations.h" />
    <ClInclude Include="Portal.h" />
    <ClInclude Include="Utils.h" />
    <ClInclude Include="Game.h" />
    <ClInclude Include="KeyEventHandler.h" />
    <ClInclude Include="PlayScence.h" />
    <ClInclude Include="Scence.h" />
    <ClInclude Include="Sprites.h" />
    <ClInclude Include="Textures.h" />
    <ClInclude Include="GameObject.h">
      <Filter>GameObjects</Filter>
    </ClInclude>
    <ClInclude Include="Ground.h">
      <Filter>GameObjects\StaticObjects</Filter>
    </ClInclude>
    <ClInclude Include="BigBox.h">
      <Filter>GameObjects\StaticObjects</Filter>
    </ClInclude>
    <ClInclude Include="GreenPipe.h">
      <Filter>GameObjects\StaticObjects</Filter>
    </ClInclude>
    <ClInclude Include="Grid.h">
      <Filter>Grid</Filter>
    </ClInclude>
    <ClInclude Include="Unit.h">
      <Filter>Grid</Filter>
    </ClInclude>
    <ClInclude Include="Map.h">
      <Filter>TiledMap</Filter>
    </ClInclude>
    <ClInclude Include="TileSet.h">
      <Filter>TiledMap</Filter>
    </ClInclude>
    <ClInclude Include="Goomba.h">
      <Filter>GameObjects\MovableObjects\Enemies</Filter>
    </ClInclude>
    <ClInclude Include="Koopas.h">
      <Filter>GameObjects\MovableObjects\Enemies</Filter>
    </ClInclude>
    <ClInclude Include="FallingState.h">
      <Filter>GameObjects\MovableObjects\Player\States</Filter>
    </ClInclude>
    <ClInclude Include="FallingWhileFlyingState.h">
      <Filter>GameObjects\MovableObjects\Player\States</Filter>
    </ClInclude>
    <ClInclude Include="FlyingState.h">
      <Filter>GameObjects\MovableObjects\Player\States</Filter>
    </ClInclude>
    <ClInclude Include="IdleState.h">
      <Filter>GameObjects\MovableObjects\Player\States</Filter>
    </ClInclude>
    <ClInclude Include="JumpingState.h">
      <Filter>GameObjects\MovableObjects\Player\States</Filter>
    </ClInclude>
    <ClInclude Include="KickState.h">
      <Filter>GameObjects\MovableObjects\Player\States</Filter>
    </ClInclude>
    <ClInclude Include="MarioState.h">
      <Filter>GameObjects\MovableObjects\Player\States</Filter>
    </ClInclude>
    <ClInclude Include="TailSmacking_1_State.h">
      <Filter>GameObjects\MovableObjects\Player\States</Filter>
    </ClInclude>
    <ClInclude Include="TailSmacking_2_State.h">
      <Filter>GameObjects\MovableObjects\Player\States</Filter>
    </ClInclude>
    <ClInclude Include="TailSmacking_3_State.h">
      <Filter>GameObjects\MovableObjects\Player\States</Filter>
    </ClInclude>
    <ClInclude Include="Throw_1_State.h">
      <Filter>GameObjects\MovableObjects\Player\States</Filter>
    </ClInclude>
    <ClInclude Include="Throw_2_State.h">
      <Filter>GameObjects\MovableObjects\Player\States</Filter>
    </ClInclude>
    <ClInclude Include="WalkingState.h">
      <Filter>GameObjects\MovableObjects\Player\States</Filter>
    </ClInclude>
    <ClInclude Include="Mario.h">
      <Filter>GameObjects\MovableObjects\Player</Filter>
    </ClInclude>
    <ClInclude Include="Brick.h">
      <Filter>GameObjects\StaticObjects</Filter>
    </ClInclude>
    <ClInclude Include="FireBall.h">
      <Filter>GameObjects\MovableObjects</Filter>
    </ClInclude>
    <ClInclude Include="FloatingBrick.h">
      <Filter>GameObjects\StaticObjects</Filter>
    </ClInclude>
    <ClInclude Include="MovableObject.h">
      <Filter>GameObjects\MovableObjects</Filter>
    </ClInclude>
    <ClInclude Include="StaticObject.h">
      <Filter>GameObjects\StaticObjects</Filter>
    </ClInclude>
    <ClInclude Include="Mushroom.h">
      <Filter>GameObjects\MovableObjects\Items</Filter>
    </ClInclude>
    <ClInclude Include="GameEffects.h">
      <Filter>GameEffects</Filter>
    </ClInclude>
    <ClInclude Include="Effect.h">
      <Filter>GameEffects\Effects</Filter>
    </ClInclude>
    <ClInclude Include="Coin100.h">
      <Filter>GameEffects\Effects</Filter>
    </ClInclude>
    <ClInclude Include="EffectFactory.h">
      <Filter>GameEffects\Effects</Filter>
    </ClInclude>
    <ClInclude Include="TextNumber.h">
      <Filter>GameEffects\Effects</Filter>
    </ClInclude>
    <ClInclude Include="SuperLeaf.h">
      <Filter>GameObjects\MovableObjects\Items</Filter>
    </ClInclude>
    <ClInclude Include="ItemFactory.h">
      <Filter>GameObjects\MovableObjects\Items</Filter>
    </ClInclude>
    <ClInclude Include="Item.h">
      <Filter>GameObjects\MovableObjects\Items</Filter>
    </ClInclude>
    <ClInclude Include="BouncingState.h">
      <Filter>GameObjects\MovableObjects\Player\States</Filter>
    </ClInclude>
    <ClInclude Include="Enemy.h">
      <Filter>GameObjects\MovableObjects\Enemies</Filter>
    </ClInclude>
    <ClInclude Include="BreakableBrick.h">
      <Filter>GameObjects\StaticObjects</Filter>
    </ClInclude>
    <ClInclude Include="MarioTypeUp.h">
      <Filter>GameEffects\Effects</Filter>
    </ClInclude>
    <ClInclude Include="Smoke.h">
      <Filter>GameEffects\Effects</Filter>
    </ClInclude>
    <ClInclude Include="WingGoomba.h">
      <Filter>GameObjects\MovableObjects\Enemies</Filter>
    </ClInclude>
    <ClInclude Include="FirePiranhaPlant.h">
      <Filter>GameObjects\MovableObjects\Enemies</Filter>
    </ClInclude>
    <ClInclude Include="PlantFireBullet.h">
      <Filter>GameObjects\MovableObjects\Enemies</Filter>
    </ClInclude>
    <ClInclude Include="KoopaParatroopa.h">
      <Filter>GameObjects\MovableObjects\Enemies</Filter>
    </ClInclude>
    <ClInclude Include="FirePiranhaGreenPlant.h">
      <Filter>GameObjects\MovableObjects\Enemies</Filter>
    </ClInclude>
    <ClInclude Include="PiranhaPlant.h">
      <Filter>GameObjects\MovableObjects\Enemies</Filter>
    </ClInclude>
    <ClInclude Include="Const.h" />
    <ClInclude Include="Broken.h">
      <Filter>GameEffects\Effects</Filter>
    </ClInclude>
    <ClInclude Include="Coin50.h">
      <Filter>GameObjects\MovableObjects\Items</Filter>
    </ClInclude>
    <ClInclude Include="FloatingBrick_2.h">
      <Filter>GameObjects\StaticObjects</Filter>
    </ClInclude>
    <ClInclude Include="GreenMushroom.h">
      <Filter>GameObjects\MovableObjects\Items</Filter>
    </ClInclude>
    <ClInclude Include="ButtonP.h">
      <Filter>GameObjects\MovableObjects\Items</Filter>
    </ClInclude>
    <ClInclude Include="HUB.h">
      <Filter>HUB</Filter>
    </ClInclude>
    <ClInclude Include="Font.h">
      <Filter>HUB</Filter>
    </ClInclude>
  </ItemGroup>
  <ItemGroup>
    <Filter Include="GameObjects">
      <UniqueIdentifier>{84e44e2a-876d-407a-ba08-726429b09244}</UniqueIdentifier>
    </Filter>
    <Filter Include="GameObjects\StaticObjects">
      <UniqueIdentifier>{2454ad34-c333-4fd8-989a-26e8a8159817}</UniqueIdentifier>
    </Filter>
    <Filter Include="Grid">
      <UniqueIdentifier>{32ed22d4-df1c-44b8-8a18-71199f59ff4a}</UniqueIdentifier>
    </Filter>
    <Filter Include="TiledMap">
      <UniqueIdentifier>{6e93c7b2-ef4c-47e8-9189-d601cd85ce24}</UniqueIdentifier>
    </Filter>
    <Filter Include="GameObjects\MovableObjects">
      <UniqueIdentifier>{746e59a2-e36c-4931-b894-3d1a770db93d}</UniqueIdentifier>
    </Filter>
    <Filter Include="GameObjects\MovableObjects\Enemies">
      <UniqueIdentifier>{3ee68a37-01a3-48d0-8260-f5bb888958b2}</UniqueIdentifier>
    </Filter>
    <Filter Include="GameObjects\MovableObjects\Player">
      <UniqueIdentifier>{7a036ec8-5db7-41fd-981f-91dcbba22778}</UniqueIdentifier>
    </Filter>
    <Filter Include="GameObjects\MovableObjects\Player\States">
      <UniqueIdentifier>{16e3ec98-00f7-445d-bd93-15bc52bd86e8}</UniqueIdentifier>
    </Filter>
    <Filter Include="GameObjects\MovableObjects\Items">
      <UniqueIdentifier>{7da6a1e1-4597-4e35-a75c-a4be001382fd}</UniqueIdentifier>
    </Filter>
    <Filter Include="GameEffects">
      <UniqueIdentifier>{c221e620-0d71-4298-899e-dbe83b559613}</UniqueIdentifier>
    </Filter>
    <Filter Include="GameEffects\Effects">
      <UniqueIdentifier>{2fcfbc5f-4c56-4b97-9d52-baa6d8535eff}</UniqueIdentifier>
    </Filter>
    <Filter Include="HUB">
      <UniqueIdentifier>{01e3312a-4b4b-4869-b4ba-037805141d77}</UniqueIdentifier>
    </Filter>
  </ItemGroup>
</Project>