<?xml version="1.0" encoding="utf-8"?>
<Project ToolsVersion="4.0" xmlns="http://schemas.microsoft.com/developer/msbuild/2003">
  <ItemGroup>
    <ClCompile Include="Animations.cpp" />
    <ClCompile Include="Brick.cpp" />
    <ClCompile Include="Koopas.cpp" />
    <ClCompile Include="Map.cpp" />
    <ClCompile Include="Portal.cpp" />
    <ClCompile Include="TileSet.cpp" />
    <ClCompile Include="Utils.cpp" />
    <ClCompile Include="Game.cpp" />
    <ClCompile Include="Goomba.cpp" />
    <ClCompile Include="main.cpp" />
    <ClCompile Include="PlayScence.cpp" />
    <ClCompile Include="Scence.cpp" />
    <ClCompile Include="Sprites.cpp" />
    <ClCompile Include="Textures.cpp" />
    <ClCompile Include="GameObject.cpp">
      <Filter>GameObjects</Filter>
    </ClCompile>
    <ClCompile Include="Mario.cpp">
      <Filter>GameObjects\Player</Filter>
    </ClCompile>
    <ClCompile Include="IdleState.cpp">
      <Filter>GameObjects\Player</Filter>
    </ClCompile>
    <ClCompile Include="JumpingState.cpp">
      <Filter>GameObjects\Player</Filter>
    </ClCompile>
    <ClCompile Include="WalkingState.cpp">
      <Filter>GameObjects\Player</Filter>
    </ClCompile>
    <ClCompile Include="FallingState.cpp">
      <Filter>GameObjects\Player</Filter>
    </ClCompile>
    <ClCompile Include="Ground.cpp">
      <Filter>GameObjects\StaticObjects</Filter>
    </ClCompile>
    <ClCompile Include="BigBox.cpp">
      <Filter>GameObjects\StaticObjects</Filter>
    </ClCompile>
    <ClCompile Include="GreenPipe.cpp">
      <Filter>GameObjects\StaticObjects</Filter>
    </ClCompile>
    <ClCompile Include="FloatingBrick.cpp">
      <Filter>GameObjects</Filter>
    </ClCompile>
    <ClCompile Include="FlyingState.cpp">
      <Filter>GameObjects\Player</Filter>
    </ClCompile>
    <ClCompile Include="FallingWhileFlyingState.cpp">
      <Filter>GameObjects\Player</Filter>
    </ClCompile>
    <ClCompile Include="KickState.cpp">
      <Filter>GameObjects\Player</Filter>
    </ClCompile>
    <ClCompile Include="HoldingState.cpp">
      <Filter>GameObjects\Player</Filter>
    </ClCompile>
    <ClCompile Include="TailSmacking_1_State.cpp">
      <Filter>GameObjects\Player</Filter>
    </ClCompile>
    <ClCompile Include="TailSmacking_2_State.cpp">
      <Filter>GameObjects\Player</Filter>
    </ClCompile>
    <ClCompile Include="TailSmacking_3_State.cpp">
      <Filter>GameObjects\Player</Filter>
    </ClCompile>
    <ClCompile Include="FireBall.cpp">
      <Filter>GameObjects</Filter>
    </ClCompile>
    <ClCompile Include="Throw_1_State.cpp">
      <Filter>GameObjects\Player</Filter>
    </ClCompile>
    <ClCompile Include="Throw_2_State.cpp">
      <Filter>GameObjects\Player</Filter>
    </ClCompile>
  </ItemGroup>
  <ItemGroup>
    <ClInclude Include="Animations.h" />
    <ClInclude Include="Brick.h" />
    <ClInclude Include="Koopas.h" />
    <ClInclude Include="Map.h" />
    <ClInclude Include="Portal.h" />
    <ClInclude Include="TileSet.h" />
    <ClInclude Include="Utils.h" />
    <ClInclude Include="Game.h" />
    <ClInclude Include="Goomba.h" />
    <ClInclude Include="KeyEventHandler.h" />
    <ClInclude Include="PlayScence.h" />
    <ClInclude Include="Scence.h" />
    <ClInclude Include="Sprites.h" />
    <ClInclude Include="Textures.h" />
    <ClInclude Include="GameObject.h">
      <Filter>GameObjects</Filter>
    </ClInclude>
    <ClInclude Include="Mario.h">
      <Filter>GameObjects\Player</Filter>
    </ClInclude>
    <ClInclude Include="MarioState.h">
      <Filter>GameObjects\Player</Filter>
    </ClInclude>
    <ClInclude Include="IdleState.h">
      <Filter>GameObjects\Player</Filter>
    </ClInclude>
    <ClInclude Include="WalkingState.h">
      <Filter>GameObjects\Player</Filter>
    </ClInclude>
    <ClInclude Include="JumpingState.h">
      <Filter>GameObjects\Player</Filter>
    </ClInclude>
    <ClInclude Include="FallingState.h">
      <Filter>GameObjects\Player</Filter>
    </ClInclude>
    <ClInclude Include="Ground.h">
      <Filter>GameObjects\StaticObjects</Filter>
    </ClInclude>
    <ClInclude Include="BigBox.h">
      <Filter>GameObjects\StaticObjects</Filter>
    </ClInclude>
    <ClInclude Include="GreenPipe.h">
      <Filter>GameObjects\StaticObjects</Filter>
    </ClInclude>
    <ClInclude Include="FloatingBrick.h">
      <Filter>GameObjects</Filter>
    </ClInclude>
    <ClInclude Include="FlyingState.h">
      <Filter>GameObjects\Player</Filter>
    </ClInclude>
    <ClInclude Include="FallingWhileFlyingState.h">
      <Filter>GameObjects\Player</Filter>
    </ClInclude>
    <ClInclude Include="KickState.h">
      <Filter>GameObjects\Player</Filter>
    </ClInclude>
    <ClInclude Include="HoldingState.h">
      <Filter>GameObjects\Player</Filter>
    </ClInclude>
    <ClInclude Include="TailSmacking_1_State.h">
      <Filter>GameObjects\Player</Filter>
    </ClInclude>
    <ClInclude Include="TailSmacking_2_State.h">
      <Filter>GameObjects\Player</Filter>
    </ClInclude>
    <ClInclude Include="TailSmacking_3_State.h">
      <Filter>GameObjects\Player</Filter>
    </ClInclude>
    <ClInclude Include="FireBall.h">
      <Filter>GameObjects</Filter>
    </ClInclude>
    <ClInclude Include="Throw_1_State.h">
      <Filter>GameObjects\Player</Filter>
    </ClInclude>
    <ClInclude Include="Throw_2_State.h">
      <Filter>GameObjects\Player</Filter>
    </ClInclude>
  </ItemGroup>
  <ItemGroup>
    <Filter Include="GameObjects">
      <UniqueIdentifier>{84e44e2a-876d-407a-ba08-726429b09244}</UniqueIdentifier>
    </Filter>
    <Filter Include="GameObjects\Player">
      <UniqueIdentifier>{7a036ec8-5db7-41fd-981f-91dcbba22778}</UniqueIdentifier>
    </Filter>
    <Filter Include="GameObjects\StaticObjects">
      <UniqueIdentifier>{2454ad34-c333-4fd8-989a-26e8a8159817}</UniqueIdentifier>
    </Filter>
  </ItemGroup>
</Project>